<?xml version="1.0" encoding="utf-8"?>
<Project ToolsVersion="4.0" xmlns="http://schemas.microsoft.com/developer/msbuild/2003">
  <ItemGroup>
    <Filter Include="Source Files">
      <UniqueIdentifier>{4FC737F1-C7A5-4376-A066-2A32D752A2FF}</UniqueIdentifier>
      <Extensions>cpp;c;cc;cxx;c++;cppm;ixx;def;odl;idl;hpj;bat;asm;asmx</Extensions>
    </Filter>
    <Filter Include="Header Files">
      <UniqueIdentifier>{93995380-89BD-4b04-88EB-625FBE52EBFB}</UniqueIdentifier>
      <Extensions>h;hh;hpp;hxx;h++;hm;inl;inc;ipp;xsd</Extensions>
    </Filter>
    <Filter Include="Resource Files">
      <UniqueIdentifier>{67DA6AB6-F800-4c08-8B7A-83BB121AAD01}</UniqueIdentifier>
      <Extensions>rc;ico;cur;bmp;dlg;rc2;rct;bin;rgs;gif;jpg;jpeg;jpe;resx;tiff;tif;png;wav;mfcribbon-ms</Extensions>
    </Filter>
  </ItemGroup>
  <ItemGroup>
    <ClCompile Include="pch.cpp">
      <Filter>Source Files</Filter>
    </ClCompile>
    <ClCompile Include="test_shared\test_basic\test_unrap_std_ref.cpp">
      <Filter>Source Files</Filter>
    </ClCompile>
    <ClCompile Include="test_shared\test_basic\test_ref.cpp">
      <Filter>Source Files</Filter>
    </ClCompile>
    <ClCompile Include="test_shared\test_basic\test_elemof.cpp">
      <Filter>Source Files</Filter>
    </ClCompile>
    <ClCompile Include="test_shared\test_basic\test_constinit.cpp">
      <Filter>Source Files</Filter>
    </ClCompile>
    <ClCompile Include="test_shared\test_security\test_crypto\test_crc32.cpp">
      <Filter>Source Files</Filter>
    </ClCompile>
    <ClCompile Include="test_shared\test_security\test_crypto\test_base64.cpp">
      <Filter>Source Files</Filter>
    </ClCompile>
    <ClCompile Include="test_shared\test_basic\test_build_time.cpp">
      <Filter>Source Files</Filter>
    </ClCompile>
    <ClCompile Include="test_shared\test_gfx\test_color.cpp">
      <Filter>Source Files</Filter>
    </ClCompile>
    <ClCompile Include="test_shared\test_math\test_consts.cpp">
      <Filter>Source Files</Filter>
    </ClCompile>
    <ClCompile Include="test_shared\test_math\test_lcg.cpp">
      <Filter>Source Files</Filter>
    </ClCompile>
    <ClCompile Include="test_shared\test_env\test_string_cast.cpp">
      <Filter>Source Files</Filter>
    </ClCompile>
    <ClCompile Include="test_shared\test_env\test_win_handle.cpp">
      <Filter>Source Files</Filter>
    </ClCompile>
    <ClCompile Include="test_shared\test_basic\test_exceptions.cpp">
      <Filter>Source Files</Filter>
    </ClCompile>
    <ClCompile Include="test_shared\test_basic\test_posit.cpp">
      <Filter>Source Files</Filter>
    </ClCompile>
    <ClCompile Include="test_shared\test_basic\test_function_traits.cpp">
      <Filter>Source Files</Filter>
    </ClCompile>
    <ClCompile Include="test_shared\test_basic\test_reverse.cpp">
      <Filter>Source Files</Filter>
    </ClCompile>
    <ClCompile Include="test_shared\test_env\test_virtualization.cpp">
      <Filter>Source Files</Filter>
    </ClCompile>
    <ClCompile Include="test_shared\test_env\exec_ent\test_tool_help.cpp">
      <Filter>Source Files</Filter>
    </ClCompile>
    <ClCompile Include="test_shared\test_env\exec_ent\test_thread.cpp">
      <Filter>Source Files</Filter>
    </ClCompile>
    <ClCompile Include="test_shared\test_env\exec_ent\test_module.cpp">
      <Filter>Source Files</Filter>
    </ClCompile>
    <ClCompile Include="test_shared\test_env\exec_ent\test_process.cpp">
      <Filter>Source Files</Filter>
    </ClCompile>
    <ClCompile Include="test_shared\test_memory\test_hook\test_hook_virtual.cpp">
      <Filter>Source Files</Filter>
    </ClCompile>
    <ClCompile Include="test_shared\test_basic\test_range_offset.cpp">
      <Filter>Source Files</Filter>
    </ClCompile>
    <ClCompile Include="test_shared\test_basic\test_zip.cpp">
      <Filter>Source Files</Filter>
    </ClCompile>
    <ClCompile Include="test_shared\test_env\test_file\test_ramfile_disk.cpp">
      <Filter>Source Files</Filter>
    </ClCompile>
    <ClCompile Include="test_shared\test_memory\test_sig.cpp">
      <Filter>Source Files</Filter>
    </ClCompile>
    <ClCompile Include="test_shared\test_memory\test_some.cpp">
      <Filter>Source Files</Filter>
    </ClCompile>
    <ClCompile Include="test_shared\test_memory\test_change_convention.cpp">
      <Filter>Source Files</Filter>
    </ClCompile>
    <ClCompile Include="test_shared\test_memory\test_function.cpp">
      <Filter>Source Files</Filter>
    </ClCompile>
    <ClCompile Include="test_shared\test_basic\test_c_cast.cpp">
      <Filter>Source Files</Filter>
    </ClCompile>
  </ItemGroup>
  <ItemGroup>
    <ClInclude Include="pch.hpp">
      <Filter>Header Files</Filter>
    </ClInclude>
  </ItemGroup>
</Project>